
Microsoft Visual Studio Solution File, Format Version 12.00
# Visual Studio Version 17
VisualStudioVersion = 17.8.34511.84
MinimumVisualStudioVersion = 10.0.40219.1
Project("{9A19103F-16F7-4668-BE54-9A1E7A4F7556}") = "LetsSale", "LetsSale\LetsSale.csproj", "{5B1719F8-1EEF-4C1B-B9B3-510A8D8A85FE}"
EndProject
Global
	GlobalSection(SolutionConfigurationPlatforms) = preSolution
		Debug|Any CPU = Debug|Any CPU
		Release|Any CPU = Release|Any CPU
	EndGlobalSection
	GlobalSection(ProjectConfigurationPlatforms) = postSolution
		{5B1719F8-1EEF-4C1B-B9B3-510A8D8A85FE}.Debug|Any CPU.ActiveCfg = Debug|Any CPU
		{5B1719F8-1EEF-4C1B-B9B3-510A8D8A85FE}.Debug|Any CPU.Build.0 = Debug|Any CPU
		{5B1719F8-1EEF-4C1B-B9B3-510A8D8A85FE}.Release|Any CPU.ActiveCfg = Release|Any CPU
		{5B1719F8-1EEF-4C1B-B9B3-510A8D8A85FE}.Release|Any CPU.Build.0 = Release|Any CPU
	EndGlobalSection
	GlobalSection(SolutionProperties) = preSolution
		HideSolutionNode = FALSE
	EndGlobalSection
	GlobalSection(ExtensibilityGlobals) = postSolution
		SolutionGuid = {0D5020A6-2D2A-4FCB-97C4-C5CEB3030846}
	EndGlobalSection
EndGlobal
